
Microsoft Visual Studio Solution File, Format Version 12.00
# Visual Studio Version 17
VisualStudioVersion = 17.0.31903.59
MinimumVisualStudioVersion = 10.0.40219.1
Project("{2150E333-8FDC-42A3-9474-1A3956D46DE8}") = "src", "src", "{827E0CD3-B72D-47B6-A68D-7590B98EB39B}"
EndProject
Project("{FAE04EC0-301F-11D3-BF4B-00C04F79EFBC}") = "Aurora.Core", "src\Aurora.Core\Aurora.Core.csproj", "{46E86BCD-C2E8-404E-B2BE-DC8150067752}"
EndProject
Project("{2150E333-8FDC-42A3-9474-1A3956D46DE8}") = "tests", "tests", "{0AB3BF05-4346-4AA6-1389-037BE0695223}"
EndProject
Project("{FAE04EC0-301F-11D3-BF4B-00C04F79EFBC}") = "Aurora.Core.Tests", "tests\Aurora.Core.Tests\Aurora.Core.Tests.csproj", "{AF6F706B-0875-41E7-9617-B2B06DB5F419}"
EndProject
Project("{FAE04EC0-301F-11D3-BF4B-00C04F79EFBC}") = "Aurora.Threading", "src\Aurora.Threading\Aurora.Threading.csproj", "{9DAC81BF-6569-410D-B0B9-C0E09BB2A050}"
EndProject
Project("{FAE04EC0-301F-11D3-BF4B-00C04F79EFBC}") = "Aurora.Protocol", "src\Aurora.Protocol\Aurora.Protocol.csproj", "{6D037E05-5556-4267-BA95-F7967D835AC6}"
EndProject
Project("{FAE04EC0-301F-11D3-BF4B-00C04F79EFBC}") = "Aurora.Server", "src\Aurora.Server\Aurora.Server.csproj", "{CB50CD46-CAE2-44D5-8CD6-C50513C30702}"
EndProject
Project("{FAE04EC0-301F-11D3-BF4B-00C04F79EFBC}") = "Aurora.World", "src\Aurora.World\Aurora.World.csproj", "{95A8DDC2-525A-450A-9B1E-A181F17F0438}"
EndProject
Project("{FAE04EC0-301F-11D3-BF4B-00C04F79EFBC}") = "Aurora.Network", "src\Aurora.Network\Aurora.Network.csproj", "{2B36CE13-87BB-4E2E-8161-F078CCB935FD}"
EndProject
Project("{FAE04EC0-301F-11D3-BF4B-00C04F79EFBC}") = "Aurora.Threading.Tests", "tests\Aurora.Threading.Tests\Aurora.Threading.Tests.csproj", "{AE25F21A-D6A8-4E65-ADC8-8EC4A5120E41}"
EndProject
Project("{FAE04EC0-301F-11D3-BF4B-00C04F79EFBC}") = "Aurora.Network.Tests", "tests\Aurora.Network.Tests\Aurora.Network.Tests.csproj", "{B693F285-5B01-4C99-BF97-8CB833080A8A}"
EndProject
Project("{FAE04EC0-301F-11D3-BF4B-00C04F79EFBC}") = "Aurora.Protocol.Tests", "tests\Aurora.Protocol.Tests\Aurora.Protocol.Tests.csproj", "{D2E3FD5E-7502-4D7A-8CE0-263192F1354E}"
EndProject
Project("{FAE04EC0-301F-11D3-BF4B-00C04F79EFBC}") = "Aurora.Server.Tests", "tests\Aurora.Server.Tests\Aurora.Server.Tests.csproj", "{2F3F5C7F-F550-46E6-9AF5-E3A7FE1176BB}"
EndProject
Project("{FAE04EC0-301F-11D3-BF4B-00C04F79EFBC}") = "Aurora.World.Tests", "tests\Aurora.World.Tests\Aurora.World.Tests.csproj", "{8D437713-C218-40E8-AF7E-1DF3AA766DD3}"
EndProject
Project("{FAE04EC0-301F-11D3-BF4B-00C04F79EFBC}") = "Aurora.Bootstrap", "src\Aurora.Bootstrap\Aurora.Bootstrap.csproj", "{0260DAA6-A7BA-40FF-AD0B-A8E712F8114A}"
EndProject
Global
	GlobalSection(SolutionConfigurationPlatforms) = preSolution
		Debug|Any CPU = Debug|Any CPU
		Debug|x64 = Debug|x64
		Debug|x86 = Debug|x86
		Release|Any CPU = Release|Any CPU
		Release|x64 = Release|x64
		Release|x86 = Release|x86
	EndGlobalSection
	GlobalSection(ProjectConfigurationPlatforms) = postSolution
		{46E86BCD-C2E8-404E-B2BE-DC8150067752}.Debug|Any CPU.ActiveCfg = Debug|Any CPU
		{46E86BCD-C2E8-404E-B2BE-DC8150067752}.Debug|Any CPU.Build.0 = Debug|Any CPU
		{46E86BCD-C2E8-404E-B2BE-DC8150067752}.Debug|x64.ActiveCfg = Debug|Any CPU
		{46E86BCD-C2E8-404E-B2BE-DC8150067752}.Debug|x64.Build.0 = Debug|Any CPU
		{46E86BCD-C2E8-404E-B2BE-DC8150067752}.Debug|x86.ActiveCfg = Debug|Any CPU
		{46E86BCD-C2E8-404E-B2BE-DC8150067752}.Debug|x86.Build.0 = Debug|Any CPU
		{46E86BCD-C2E8-404E-B2BE-DC8150067752}.Release|Any CPU.ActiveCfg = Release|Any CPU
		{46E86BCD-C2E8-404E-B2BE-DC8150067752}.Release|Any CPU.Build.0 = Release|Any CPU
		{46E86BCD-C2E8-404E-B2BE-DC8150067752}.Release|x64.ActiveCfg = Release|Any CPU
		{46E86BCD-C2E8-404E-B2BE-DC8150067752}.Release|x64.Build.0 = Release|Any CPU
		{46E86BCD-C2E8-404E-B2BE-DC8150067752}.Release|x86.ActiveCfg = Release|Any CPU
		{46E86BCD-C2E8-404E-B2BE-DC8150067752}.Release|x86.Build.0 = Release|Any CPU
		{AF6F706B-0875-41E7-9617-B2B06DB5F419}.Debug|Any CPU.ActiveCfg = Debug|Any CPU
		{AF6F706B-0875-41E7-9617-B2B06DB5F419}.Debug|Any CPU.Build.0 = Debug|Any CPU
		{AF6F706B-0875-41E7-9617-B2B06DB5F419}.Debug|x64.ActiveCfg = Debug|Any CPU
		{AF6F706B-0875-41E7-9617-B2B06DB5F419}.Debug|x64.Build.0 = Debug|Any CPU
		{AF6F706B-0875-41E7-9617-B2B06DB5F419}.Debug|x86.ActiveCfg = Debug|Any CPU
		{AF6F706B-0875-41E7-9617-B2B06DB5F419}.Debug|x86.Build.0 = Debug|Any CPU
		{AF6F706B-0875-41E7-9617-B2B06DB5F419}.Release|Any CPU.ActiveCfg = Release|Any CPU
		{AF6F706B-0875-41E7-9617-B2B06DB5F419}.Release|Any CPU.Build.0 = Release|Any CPU
		{AF6F706B-0875-41E7-9617-B2B06DB5F419}.Release|x64.ActiveCfg = Release|Any CPU
		{AF6F706B-0875-41E7-9617-B2B06DB5F419}.Release|x64.Build.0 = Release|Any CPU
		{AF6F706B-0875-41E7-9617-B2B06DB5F419}.Release|x86.ActiveCfg = Release|Any CPU
		{AF6F706B-0875-41E7-9617-B2B06DB5F419}.Release|x86.Build.0 = Release|Any CPU
		{9DAC81BF-6569-410D-B0B9-C0E09BB2A050}.Debug|Any CPU.ActiveCfg = Debug|Any CPU
		{9DAC81BF-6569-410D-B0B9-C0E09BB2A050}.Debug|Any CPU.Build.0 = Debug|Any CPU
		{9DAC81BF-6569-410D-B0B9-C0E09BB2A050}.Debug|x64.ActiveCfg = Debug|Any CPU
		{9DAC81BF-6569-410D-B0B9-C0E09BB2A050}.Debug|x64.Build.0 = Debug|Any CPU
		{9DAC81BF-6569-410D-B0B9-C0E09BB2A050}.Debug|x86.ActiveCfg = Debug|Any CPU
		{9DAC81BF-6569-410D-B0B9-C0E09BB2A050}.Debug|x86.Build.0 = Debug|Any CPU
		{9DAC81BF-6569-410D-B0B9-C0E09BB2A050}.Release|Any CPU.ActiveCfg = Release|Any CPU
		{9DAC81BF-6569-410D-B0B9-C0E09BB2A050}.Release|Any CPU.Build.0 = Release|Any CPU
		{9DAC81BF-6569-410D-B0B9-C0E09BB2A050}.Release|x64.ActiveCfg = Release|Any CPU
		{9DAC81BF-6569-410D-B0B9-C0E09BB2A050}.Release|x64.Build.0 = Release|Any CPU
		{9DAC81BF-6569-410D-B0B9-C0E09BB2A050}.Release|x86.ActiveCfg = Release|Any CPU
		{9DAC81BF-6569-410D-B0B9-C0E09BB2A050}.Release|x86.Build.0 = Release|Any CPU
		{6D037E05-5556-4267-BA95-F7967D835AC6}.Debug|Any CPU.ActiveCfg = Debug|Any CPU
		{6D037E05-5556-4267-BA95-F7967D835AC6}.Debug|Any CPU.Build.0 = Debug|Any CPU
		{6D037E05-5556-4267-BA95-F7967D835AC6}.Debug|x64.ActiveCfg = Debug|Any CPU
		{6D037E05-5556-4267-BA95-F7967D835AC6}.Debug|x64.Build.0 = Debug|Any CPU
		{6D037E05-5556-4267-BA95-F7967D835AC6}.Debug|x86.ActiveCfg = Debug|Any CPU
		{6D037E05-5556-4267-BA95-F7967D835AC6}.Debug|x86.Build.0 = Debug|Any CPU
		{6D037E05-5556-4267-BA95-F7967D835AC6}.Release|Any CPU.ActiveCfg = Release|Any CPU
		{6D037E05-5556-4267-BA95-F7967D835AC6}.Release|Any CPU.Build.0 = Release|Any CPU
		{6D037E05-5556-4267-BA95-F7967D835AC6}.Release|x64.ActiveCfg = Release|Any CPU
		{6D037E05-5556-4267-BA95-F7967D835AC6}.Release|x64.Build.0 = Release|Any CPU
		{6D037E05-5556-4267-BA95-F7967D835AC6}.Release|x86.ActiveCfg = Release|Any CPU
		{6D037E05-5556-4267-BA95-F7967D835AC6}.Release|x86.Build.0 = Release|Any CPU
		{CB50CD46-CAE2-44D5-8CD6-C50513C30702}.Debug|Any CPU.ActiveCfg = Debug|Any CPU
		{CB50CD46-CAE2-44D5-8CD6-C50513C30702}.Debug|Any CPU.Build.0 = Debug|Any CPU
		{CB50CD46-CAE2-44D5-8CD6-C50513C30702}.Debug|x64.ActiveCfg = Debug|Any CPU
		{CB50CD46-CAE2-44D5-8CD6-C50513C30702}.Debug|x64.Build.0 = Debug|Any CPU
		{CB50CD46-CAE2-44D5-8CD6-C50513C30702}.Debug|x86.ActiveCfg = Debug|Any CPU
		{CB50CD46-CAE2-44D5-8CD6-C50513C30702}.Debug|x86.Build.0 = Debug|Any CPU
		{CB50CD46-CAE2-44D5-8CD6-C50513C30702}.Release|Any CPU.ActiveCfg = Release|Any CPU
		{CB50CD46-CAE2-44D5-8CD6-C50513C30702}.Release|Any CPU.Build.0 = Release|Any CPU
		{CB50CD46-CAE2-44D5-8CD6-C50513C30702}.Release|x64.ActiveCfg = Release|Any CPU
		{CB50CD46-CAE2-44D5-8CD6-C50513C30702}.Release|x64.Build.0 = Release|Any CPU
		{CB50CD46-CAE2-44D5-8CD6-C50513C30702}.Release|x86.ActiveCfg = Release|Any CPU
		{CB50CD46-CAE2-44D5-8CD6-C50513C30702}.Release|x86.Build.0 = Release|Any CPU
		{95A8DDC2-525A-450A-9B1E-A181F17F0438}.Debug|Any CPU.ActiveCfg = Debug|Any CPU
		{95A8DDC2-525A-450A-9B1E-A181F17F0438}.Debug|Any CPU.Build.0 = Debug|Any CPU
		{95A8DDC2-525A-450A-9B1E-A181F17F0438}.Debug|x64.ActiveCfg = Debug|Any CPU
		{95A8DDC2-525A-450A-9B1E-A181F17F0438}.Debug|x64.Build.0 = Debug|Any CPU
		{95A8DDC2-525A-450A-9B1E-A181F17F0438}.Debug|x86.ActiveCfg = Debug|Any CPU
		{95A8DDC2-525A-450A-9B1E-A181F17F0438}.Debug|x86.Build.0 = Debug|Any CPU
		{95A8DDC2-525A-450A-9B1E-A181F17F0438}.Release|Any CPU.ActiveCfg = Release|Any CPU
		{95A8DDC2-525A-450A-9B1E-A181F17F0438}.Release|Any CPU.Build.0 = Release|Any CPU
		{95A8DDC2-525A-450A-9B1E-A181F17F0438}.Release|x64.ActiveCfg = Release|Any CPU
		{95A8DDC2-525A-450A-9B1E-A181F17F0438}.Release|x64.Build.0 = Release|Any CPU
		{95A8DDC2-525A-450A-9B1E-A181F17F0438}.Release|x86.ActiveCfg = Release|Any CPU
		{95A8DDC2-525A-450A-9B1E-A181F17F0438}.Release|x86.Build.0 = Release|Any CPU
		{2B36CE13-87BB-4E2E-8161-F078CCB935FD}.Debug|Any CPU.ActiveCfg = Debug|Any CPU
		{2B36CE13-87BB-4E2E-8161-F078CCB935FD}.Debug|Any CPU.Build.0 = Debug|Any CPU
		{2B36CE13-87BB-4E2E-8161-F078CCB935FD}.Debug|x64.ActiveCfg = Debug|Any CPU
		{2B36CE13-87BB-4E2E-8161-F078CCB935FD}.Debug|x64.Build.0 = Debug|Any CPU
		{2B36CE13-87BB-4E2E-8161-F078CCB935FD}.Debug|x86.ActiveCfg = Debug|Any CPU
		{2B36CE13-87BB-4E2E-8161-F078CCB935FD}.Debug|x86.Build.0 = Debug|Any CPU
		{2B36CE13-87BB-4E2E-8161-F078CCB935FD}.Release|Any CPU.ActiveCfg = Release|Any CPU
		{2B36CE13-87BB-4E2E-8161-F078CCB935FD}.Release|Any CPU.Build.0 = Release|Any CPU
		{2B36CE13-87BB-4E2E-8161-F078CCB935FD}.Release|x64.ActiveCfg = Release|Any CPU
		{2B36CE13-87BB-4E2E-8161-F078CCB935FD}.Release|x64.Build.0 = Release|Any CPU
		{2B36CE13-87BB-4E2E-8161-F078CCB935FD}.Release|x86.ActiveCfg = Release|Any CPU
		{2B36CE13-87BB-4E2E-8161-F078CCB935FD}.Release|x86.Build.0 = Release|Any CPU
		{AE25F21A-D6A8-4E65-ADC8-8EC4A5120E41}.Debug|Any CPU.ActiveCfg = Debug|Any CPU
		{AE25F21A-D6A8-4E65-ADC8-8EC4A5120E41}.Debug|Any CPU.Build.0 = Debug|Any CPU
		{AE25F21A-D6A8-4E65-ADC8-8EC4A5120E41}.Debug|x64.ActiveCfg = Debug|Any CPU
		{AE25F21A-D6A8-4E65-ADC8-8EC4A5120E41}.Debug|x64.Build.0 = Debug|Any CPU
		{AE25F21A-D6A8-4E65-ADC8-8EC4A5120E41}.Debug|x86.ActiveCfg = Debug|Any CPU
		{AE25F21A-D6A8-4E65-ADC8-8EC4A5120E41}.Debug|x86.Build.0 = Debug|Any CPU
		{AE25F21A-D6A8-4E65-ADC8-8EC4A5120E41}.Release|Any CPU.ActiveCfg = Release|Any CPU
		{AE25F21A-D6A8-4E65-ADC8-8EC4A5120E41}.Release|Any CPU.Build.0 = Release|Any CPU
		{AE25F21A-D6A8-4E65-ADC8-8EC4A5120E41}.Release|x64.ActiveCfg = Release|Any CPU
		{AE25F21A-D6A8-4E65-ADC8-8EC4A5120E41}.Release|x64.Build.0 = Release|Any CPU
		{AE25F21A-D6A8-4E65-ADC8-8EC4A5120E41}.Release|x86.ActiveCfg = Release|Any CPU
		{AE25F21A-D6A8-4E65-ADC8-8EC4A5120E41}.Release|x86.Build.0 = Release|Any CPU
		{B693F285-5B01-4C99-BF97-8CB833080A8A}.Debug|Any CPU.ActiveCfg = Debug|Any CPU
		{B693F285-5B01-4C99-BF97-8CB833080A8A}.Debug|Any CPU.Build.0 = Debug|Any CPU
		{B693F285-5B01-4C99-BF97-8CB833080A8A}.Debug|x64.ActiveCfg = Debug|Any CPU
		{B693F285-5B01-4C99-BF97-8CB833080A8A}.Debug|x64.Build.0 = Debug|Any CPU
		{B693F285-5B01-4C99-BF97-8CB833080A8A}.Debug|x86.ActiveCfg = Debug|Any CPU
		{B693F285-5B01-4C99-BF97-8CB833080A8A}.Debug|x86.Build.0 = Debug|Any CPU
		{B693F285-5B01-4C99-BF97-8CB833080A8A}.Release|Any CPU.ActiveCfg = Release|Any CPU
		{B693F285-5B01-4C99-BF97-8CB833080A8A}.Release|Any CPU.Build.0 = Release|Any CPU
		{B693F285-5B01-4C99-BF97-8CB833080A8A}.Release|x64.ActiveCfg = Release|Any CPU
		{B693F285-5B01-4C99-BF97-8CB833080A8A}.Release|x64.Build.0 = Release|Any CPU
		{B693F285-5B01-4C99-BF97-8CB833080A8A}.Release|x86.ActiveCfg = Release|Any CPU
		{B693F285-5B01-4C99-BF97-8CB833080A8A}.Release|x86.Build.0 = Release|Any CPU
		{D2E3FD5E-7502-4D7A-8CE0-263192F1354E}.Debug|Any CPU.ActiveCfg = Debug|Any CPU
		{D2E3FD5E-7502-4D7A-8CE0-263192F1354E}.Debug|Any CPU.Build.0 = Debug|Any CPU
		{D2E3FD5E-7502-4D7A-8CE0-263192F1354E}.Debug|x64.ActiveCfg = Debug|Any CPU
		{D2E3FD5E-7502-4D7A-8CE0-263192F1354E}.Debug|x64.Build.0 = Debug|Any CPU
		{D2E3FD5E-7502-4D7A-8CE0-263192F1354E}.Debug|x86.ActiveCfg = Debug|Any CPU
		{D2E3FD5E-7502-4D7A-8CE0-263192F1354E}.Debug|x86.Build.0 = Debug|Any CPU
		{D2E3FD5E-7502-4D7A-8CE0-263192F1354E}.Release|Any CPU.ActiveCfg = Release|Any CPU
		{D2E3FD5E-7502-4D7A-8CE0-263192F1354E}.Release|Any CPU.Build.0 = Release|Any CPU
		{D2E3FD5E-7502-4D7A-8CE0-263192F1354E}.Release|x64.ActiveCfg = Release|Any CPU
		{D2E3FD5E-7502-4D7A-8CE0-263192F1354E}.Release|x64.Build.0 = Release|Any CPU
		{D2E3FD5E-7502-4D7A-8CE0-263192F1354E}.Release|x86.ActiveCfg = Release|Any CPU
		{D2E3FD5E-7502-4D7A-8CE0-263192F1354E}.Release|x86.Build.0 = Release|Any CPU
		{2F3F5C7F-F550-46E6-9AF5-E3A7FE1176BB}.Debug|Any CPU.ActiveCfg = Debug|Any CPU
		{2F3F5C7F-F550-46E6-9AF5-E3A7FE1176BB}.Debug|Any CPU.Build.0 = Debug|Any CPU
		{2F3F5C7F-F550-46E6-9AF5-E3A7FE1176BB}.Debug|x64.ActiveCfg = Debug|Any CPU
		{2F3F5C7F-F550-46E6-9AF5-E3A7FE1176BB}.Debug|x64.Build.0 = Debug|Any CPU
		{2F3F5C7F-F550-46E6-9AF5-E3A7FE1176BB}.Debug|x86.ActiveCfg = Debug|Any CPU
		{2F3F5C7F-F550-46E6-9AF5-E3A7FE1176BB}.Debug|x86.Build.0 = Debug|Any CPU
		{2F3F5C7F-F550-46E6-9AF5-E3A7FE1176BB}.Release|Any CPU.ActiveCfg = Release|Any CPU
		{2F3F5C7F-F550-46E6-9AF5-E3A7FE1176BB}.Release|Any CPU.Build.0 = Release|Any CPU
		{2F3F5C7F-F550-46E6-9AF5-E3A7FE1176BB}.Release|x64.ActiveCfg = Release|Any CPU
		{2F3F5C7F-F550-46E6-9AF5-E3A7FE1176BB}.Release|x64.Build.0 = Release|Any CPU
		{2F3F5C7F-F550-46E6-9AF5-E3A7FE1176BB}.Release|x86.ActiveCfg = Release|Any CPU
		{2F3F5C7F-F550-46E6-9AF5-E3A7FE1176BB}.Release|x86.Build.0 = Release|Any CPU
		{8D437713-C218-40E8-AF7E-1DF3AA766DD3}.Debug|Any CPU.ActiveCfg = Debug|Any CPU
		{8D437713-C218-40E8-AF7E-1DF3AA766DD3}.Debug|Any CPU.Build.0 = Debug|Any CPU
		{8D437713-C218-40E8-AF7E-1DF3AA766DD3}.Debug|x64.ActiveCfg = Debug|Any CPU
		{8D437713-C218-40E8-AF7E-1DF3AA766DD3}.Debug|x64.Build.0 = Debug|Any CPU
		{8D437713-C218-40E8-AF7E-1DF3AA766DD3}.Debug|x86.ActiveCfg = Debug|Any CPU
		{8D437713-C218-40E8-AF7E-1DF3AA766DD3}.Debug|x86.Build.0 = Debug|Any CPU
		{8D437713-C218-40E8-AF7E-1DF3AA766DD3}.Release|Any CPU.ActiveCfg = Release|Any CPU
		{8D437713-C218-40E8-AF7E-1DF3AA766DD3}.Release|Any CPU.Build.0 = Release|Any CPU
		{8D437713-C218-40E8-AF7E-1DF3AA766DD3}.Release|x64.ActiveCfg = Release|Any CPU
		{8D437713-C218-40E8-AF7E-1DF3AA766DD3}.Release|x64.Build.0 = Release|Any CPU
		{8D437713-C218-40E8-AF7E-1DF3AA766DD3}.Release|x86.ActiveCfg = Release|Any CPU
		{8D437713-C218-40E8-AF7E-1DF3AA766DD3}.Release|x86.Build.0 = Release|Any CPU
		{0260DAA6-A7BA-40FF-AD0B-A8E712F8114A}.Debug|Any CPU.ActiveCfg = Debug|Any CPU
		{0260DAA6-A7BA-40FF-AD0B-A8E712F8114A}.Debug|Any CPU.Build.0 = Debug|Any CPU
		{0260DAA6-A7BA-40FF-AD0B-A8E712F8114A}.Debug|x64.ActiveCfg = Debug|Any CPU
		{0260DAA6-A7BA-40FF-AD0B-A8E712F8114A}.Debug|x64.Build.0 = Debug|Any CPU
		{0260DAA6-A7BA-40FF-AD0B-A8E712F8114A}.Debug|x86.ActiveCfg = Debug|Any CPU
		{0260DAA6-A7BA-40FF-AD0B-A8E712F8114A}.Debug|x86.Build.0 = Debug|Any CPU
		{0260DAA6-A7BA-40FF-AD0B-A8E712F8114A}.Release|Any CPU.ActiveCfg = Release|Any CPU
		{0260DAA6-A7BA-40FF-AD0B-A8E712F8114A}.Release|Any CPU.Build.0 = Release|Any CPU
		{0260DAA6-A7BA-40FF-AD0B-A8E712F8114A}.Release|x64.ActiveCfg = Release|Any CPU
		{0260DAA6-A7BA-40FF-AD0B-A8E712F8114A}.Release|x64.Build.0 = Release|Any CPU
		{0260DAA6-A7BA-40FF-AD0B-A8E712F8114A}.Release|x86.ActiveCfg = Release|Any CPU
		{0260DAA6-A7BA-40FF-AD0B-A8E712F8114A}.Release|x86.Build.0 = Release|Any CPU
	EndGlobalSection
	GlobalSection(SolutionProperties) = preSolution
		HideSolutionNode = FALSE
	EndGlobalSection
	GlobalSection(NestedProjects) = preSolution
		{46E86BCD-C2E8-404E-B2BE-DC8150067752} = {827E0CD3-B72D-47B6-A68D-7590B98EB39B}
		{AF6F706B-0875-41E7-9617-B2B06DB5F419} = {0AB3BF05-4346-4AA6-1389-037BE0695223}
		{9DAC81BF-6569-410D-B0B9-C0E09BB2A050} = {827E0CD3-B72D-47B6-A68D-7590B98EB39B}
		{6D037E05-5556-4267-BA95-F7967D835AC6} = {827E0CD3-B72D-47B6-A68D-7590B98EB39B}
		{CB50CD46-CAE2-44D5-8CD6-C50513C30702} = {827E0CD3-B72D-47B6-A68D-7590B98EB39B}
		{95A8DDC2-525A-450A-9B1E-A181F17F0438} = {827E0CD3-B72D-47B6-A68D-7590B98EB39B}
		{2B36CE13-87BB-4E2E-8161-F078CCB935FD} = {827E0CD3-B72D-47B6-A68D-7590B98EB39B}
		{AE25F21A-D6A8-4E65-ADC8-8EC4A5120E41} = {0AB3BF05-4346-4AA6-1389-037BE0695223}
		{B693F285-5B01-4C99-BF97-8CB833080A8A} = {0AB3BF05-4346-4AA6-1389-037BE0695223}
		{D2E3FD5E-7502-4D7A-8CE0-263192F1354E} = {0AB3BF05-4346-4AA6-1389-037BE0695223}
		{2F3F5C7F-F550-46E6-9AF5-E3A7FE1176BB} = {0AB3BF05-4346-4AA6-1389-037BE0695223}
		{8D437713-C218-40E8-AF7E-1DF3AA766DD3} = {0AB3BF05-4346-4AA6-1389-037BE0695223}
		{0260DAA6-A7BA-40FF-AD0B-A8E712F8114A} = {827E0CD3-B72D-47B6-A68D-7590B98EB39B}
	EndGlobalSection
EndGlobal
